
Microsoft Visual Studio Solution File, Format Version 12.00
# Visual Studio 15
Project("{FAE04EC0-301F-11D3-BF4B-00C04F79EFBC}") = "Assembly-CSharp", "Assembly-CSharp.csproj", "{3C860820-F7F1-4C6B-20EB-3AE3ADB487C8}"
EndProject
Global
	GlobalSection(SolutionConfigurationPlatforms) = preSolution
		Debug|Any CPU = Debug|Any CPU
		Release|Any CPU = Release|Any CPU
	EndGlobalSection
	GlobalSection(ProjectConfigurationPlatforms) = postSolution
		{3C860820-F7F1-4C6B-20EB-3AE3ADB487C8}.Debug|Any CPU.ActiveCfg = Debug|Any CPU
		{3C860820-F7F1-4C6B-20EB-3AE3ADB487C8}.Debug|Any CPU.Build.0 = Debug|Any CPU
		{3C860820-F7F1-4C6B-20EB-3AE3ADB487C8}.Release|Any CPU.ActiveCfg = Release|Any CPU
		{3C860820-F7F1-4C6B-20EB-3AE3ADB487C8}.Release|Any CPU.Build.0 = Release|Any CPU
	EndGlobalSection
	GlobalSection(SolutionProperties) = preSolution
		HideSolutionNode = FALSE
	EndGlobalSection
EndGlobal
